
Microsoft Visual Studio Solution File, Format Version 12.00
# Visual Studio Version 16
VisualStudioVersion = 16.0.808.10
MinimumVisualStudioVersion = 10.0.40219.1
Project("{FAE04EC0-301F-11D3-BF4B-00C04F79EFBC}") = "StackLogParser", "src\StackLogParser\StackLogParser.csproj", "{2498A998-46EC-4B1E-A970-1E9A813E12A1}"
EndProject
Project("{FAE04EC0-301F-11D3-BF4B-00C04F79EFBC}") = "StackLogParserTests", "tests\StackLogParserTests\StackLogParserTests.csproj", "{E188BF0D-E323-49E7-9D49-B3467562093C}"
EndProject
Global
	GlobalSection(SolutionConfigurationPlatforms) = preSolution
		Debug|Any CPU = Debug|Any CPU
		Release|Any CPU = Release|Any CPU
	EndGlobalSection
	GlobalSection(ProjectConfigurationPlatforms) = postSolution
		{2498A998-46EC-4B1E-A970-1E9A813E12A1}.Debug|Any CPU.ActiveCfg = Debug|Any CPU
		{2498A998-46EC-4B1E-A970-1E9A813E12A1}.Debug|Any CPU.Build.0 = Debug|Any CPU
		{2498A998-46EC-4B1E-A970-1E9A813E12A1}.Release|Any CPU.ActiveCfg = Release|Any CPU
		{2498A998-46EC-4B1E-A970-1E9A813E12A1}.Release|Any CPU.Build.0 = Release|Any CPU
		{E188BF0D-E323-49E7-9D49-B3467562093C}.Debug|Any CPU.ActiveCfg = Debug|Any CPU
		{E188BF0D-E323-49E7-9D49-B3467562093C}.Debug|Any CPU.Build.0 = Debug|Any CPU
		{E188BF0D-E323-49E7-9D49-B3467562093C}.Release|Any CPU.ActiveCfg = Release|Any CPU
		{E188BF0D-E323-49E7-9D49-B3467562093C}.Release|Any CPU.Build.0 = Release|Any CPU
	EndGlobalSection
	GlobalSection(SolutionProperties) = preSolution
		HideSolutionNode = FALSE
	EndGlobalSection
	GlobalSection(ExtensibilityGlobals) = postSolution
		SolutionGuid = {B9E224BE-47AA-4DE3-9167-533FBA0406D6}
	EndGlobalSection
EndGlobal
